
Microsoft Visual Studio Solution File, Format Version 12.00
# Visual Studio Version 16
VisualStudioVersion = 16.0.29519.181
MinimumVisualStudioVersion = 10.0.40219.1
Project("{FAE04EC0-301F-11D3-BF4B-00C04F79EFBC}") = "Algorithms.Sorting", "Algorithms.Sorting\Algorithms.Sorting.csproj", "{2A6A9335-752A-4A5D-9292-550531B0DB55}"
EndProject
Project("{FAE04EC0-301F-11D3-BF4B-00C04F79EFBC}") = "Algorithms.Start", "Algorithms.Start\Algorithms.Start.csproj", "{7F8EDC98-0391-4AF0-AF45-82CB6F433EA3}"
EndProject
Project("{FAE04EC0-301F-11D3-BF4B-00C04F79EFBC}") = "Algorithms.Common", "Algorithms.Common\Algorithms.Common.csproj", "{73322A9F-6636-4672-B768-1D3C4335FDE5}"
EndProject
Global
	GlobalSection(SolutionConfigurationPlatforms) = preSolution
		Debug|Any CPU = Debug|Any CPU
		Release|Any CPU = Release|Any CPU
	EndGlobalSection
	GlobalSection(ProjectConfigurationPlatforms) = postSolution
		{2A6A9335-752A-4A5D-9292-550531B0DB55}.Debug|Any CPU.ActiveCfg = Debug|Any CPU
		{2A6A9335-752A-4A5D-9292-550531B0DB55}.Debug|Any CPU.Build.0 = Debug|Any CPU
		{2A6A9335-752A-4A5D-9292-550531B0DB55}.Release|Any CPU.ActiveCfg = Release|Any CPU
		{2A6A9335-752A-4A5D-9292-550531B0DB55}.Release|Any CPU.Build.0 = Release|Any CPU
		{7F8EDC98-0391-4AF0-AF45-82CB6F433EA3}.Debug|Any CPU.ActiveCfg = Debug|Any CPU
		{7F8EDC98-0391-4AF0-AF45-82CB6F433EA3}.Debug|Any CPU.Build.0 = Debug|Any CPU
		{7F8EDC98-0391-4AF0-AF45-82CB6F433EA3}.Release|Any CPU.ActiveCfg = Release|Any CPU
		{7F8EDC98-0391-4AF0-AF45-82CB6F433EA3}.Release|Any CPU.Build.0 = Release|Any CPU
		{73322A9F-6636-4672-B768-1D3C4335FDE5}.Debug|Any CPU.ActiveCfg = Debug|Any CPU
		{73322A9F-6636-4672-B768-1D3C4335FDE5}.Debug|Any CPU.Build.0 = Debug|Any CPU
		{73322A9F-6636-4672-B768-1D3C4335FDE5}.Release|Any CPU.ActiveCfg = Release|Any CPU
		{73322A9F-6636-4672-B768-1D3C4335FDE5}.Release|Any CPU.Build.0 = Release|Any CPU
	EndGlobalSection
	GlobalSection(SolutionProperties) = preSolution
		HideSolutionNode = FALSE
	EndGlobalSection
	GlobalSection(ExtensibilityGlobals) = postSolution
		SolutionGuid = {7AAD6879-CAE1-449A-B928-1B73068CA8D0}
	EndGlobalSection
EndGlobal
